{
  "nodes": {
    "home-manager": {
      "inputs": {
        "nixpkgs": [
          "nixpkgs"
        ]
      },
      "locked": {
        "lastModified": 1730011532,
        "narHash": "sha256-srazPOwpu+hCB/Ny8r2Ixxq+nBREylIuBnRVJyW7vzc=",
        "owner": "nix-community",
        "repo": "home-manager",
        "rev": "05d9bee4a5155758aec3c3807c0e342b9f253522",
        "type": "github"
      },
      "original": {
        "owner": "nix-community",
        "repo": "home-manager",
        "type": "github"
      }
    },
    "nixpkgs": {
      "locked": {
        "lastModified": 1729980323,
        "narHash": "sha256-eWPRZAlhf446bKSmzw6x7RWEE4IuZgAp8NW3eXZwRAY=",
        "owner": "NixOS",
        "repo": "nixpkgs",
        "rev": "86e78d3d2084ff87688da662cf78c2af085d8e73",
        "type": "github"
      },
      "original": {
        "owner": "NixOS",
        "ref": "nixpkgs-unstable",
        "repo": "nixpkgs",
        "type": "github"
      }
    },
    "root": {
      "inputs": {
        "home-manager": "home-manager",
        "nixpkgs": "nixpkgs"
      }
    }
  },
  "root": "root",
  "version": 7
}
